
Microsoft Visual Studio Solution File, Format Version 12.00
# Visual Studio Version 16
VisualStudioVersion = 16.0.30204.135
MinimumVisualStudioVersion = 10.0.40219.1
Project("{9A19103F-16F7-4668-BE54-9A1E7A4F7556}") = "S3.Threading.UnitTests", "S3.Threading.UnitTests\S3.Threading.UnitTests.csproj", "{910AEBA4-F621-4FA2-838B-9BE2768A72AA}"
EndProject
Project("{9A19103F-16F7-4668-BE54-9A1E7A4F7556}") = "S3.Threading", "S3.Threading\S3.Threading.csproj", "{6FC97258-70C6-4643-AC2D-0F940499383E}"
EndProject
Project("{2150E333-8FDC-42A3-9474-1A3956D46DE8}") = "Threading", "Threading", "{BB49B189-C55E-44F2-BB20-466832991CC6}"
EndProject
Project("{2150E333-8FDC-42A3-9474-1A3956D46DE8}") = "Testing", "Testing", "{AB54D08C-4AC2-43DB-B49E-F1D07BECDE21}"
EndProject
Project("{FAE04EC0-301F-11D3-BF4B-00C04F79EFBC}") = "S3.Testing.NUnit", "S3.Testing.NUnit\S3.Testing.NUnit.csproj", "{29E13E95-8ED8-4D98-809B-DD033B4C1F65}"
EndProject
Global
	GlobalSection(SolutionConfigurationPlatforms) = preSolution
		Debug|Any CPU = Debug|Any CPU
		Release|Any CPU = Release|Any CPU
	EndGlobalSection
	GlobalSection(ProjectConfigurationPlatforms) = postSolution
		{910AEBA4-F621-4FA2-838B-9BE2768A72AA}.Debug|Any CPU.ActiveCfg = Debug|Any CPU
		{910AEBA4-F621-4FA2-838B-9BE2768A72AA}.Debug|Any CPU.Build.0 = Debug|Any CPU
		{910AEBA4-F621-4FA2-838B-9BE2768A72AA}.Release|Any CPU.ActiveCfg = Release|Any CPU
		{910AEBA4-F621-4FA2-838B-9BE2768A72AA}.Release|Any CPU.Build.0 = Release|Any CPU
		{6FC97258-70C6-4643-AC2D-0F940499383E}.Debug|Any CPU.ActiveCfg = Debug|Any CPU
		{6FC97258-70C6-4643-AC2D-0F940499383E}.Debug|Any CPU.Build.0 = Debug|Any CPU
		{6FC97258-70C6-4643-AC2D-0F940499383E}.Release|Any CPU.ActiveCfg = Release|Any CPU
		{6FC97258-70C6-4643-AC2D-0F940499383E}.Release|Any CPU.Build.0 = Release|Any CPU
		{29E13E95-8ED8-4D98-809B-DD033B4C1F65}.Debug|Any CPU.ActiveCfg = Debug|Any CPU
		{29E13E95-8ED8-4D98-809B-DD033B4C1F65}.Debug|Any CPU.Build.0 = Debug|Any CPU
		{29E13E95-8ED8-4D98-809B-DD033B4C1F65}.Release|Any CPU.ActiveCfg = Release|Any CPU
		{29E13E95-8ED8-4D98-809B-DD033B4C1F65}.Release|Any CPU.Build.0 = Release|Any CPU
	EndGlobalSection
	GlobalSection(SolutionProperties) = preSolution
		HideSolutionNode = FALSE
	EndGlobalSection
	GlobalSection(NestedProjects) = preSolution
		{910AEBA4-F621-4FA2-838B-9BE2768A72AA} = {BB49B189-C55E-44F2-BB20-466832991CC6}
		{6FC97258-70C6-4643-AC2D-0F940499383E} = {BB49B189-C55E-44F2-BB20-466832991CC6}
		{29E13E95-8ED8-4D98-809B-DD033B4C1F65} = {AB54D08C-4AC2-43DB-B49E-F1D07BECDE21}
	EndGlobalSection
	GlobalSection(ExtensibilityGlobals) = postSolution
		SolutionGuid = {F933EC4B-561C-4486-A119-6132E247D977}
	EndGlobalSection
EndGlobal
